PODS:
  - Crashlytics (3.10.1):
    - Fabric (~> 1.7.5)
  - Fabric (1.7.5)
  - OHHTTPStubs/Core (6.1.0)
  - OHHTTPStubs/Default (6.1.0):
    - OHHTTPStubs/Core
    - OHHTTPStubs/JSON
    - OHHTTPStubs/NSURLSession
    - OHHTTPStubs/OHPathHelpers
  - OHHTTPStubs/JSON (6.1.0):
    - OHHTTPStubs/Core
  - OHHTTPStubs/NSURLSession (6.1.0):
    - OHHTTPStubs/Core
  - OHHTTPStubs/OHPathHelpers (6.1.0)
  - OHHTTPStubs/Swift (6.1.0):
    - OHHTTPStubs/Default
  - Reusable (4.0.0):
    - Reusable/Storyboard (= 4.0.0)
    - Reusable/View (= 4.0.0)
  - Reusable/Storyboard (4.0.0)
  - Reusable/View (4.0.0)
  - RxSwift (4.1.2)
  - SwiftyUserDefaults (3.0.1)

DEPENDENCIES:
  - Crashlytics
  - Fabric
  - OHHTTPStubs/Swift
  - Reusable
  - RxSwift
  - SwiftyUserDefaults

SPEC CHECKSUMS:
  Crashlytics: aee1a064cbbf99b32efa3f056a5f458d846bc8ff
  Fabric: ae7146a5f505ea370a1e44820b4b1dc8890e2890
  OHHTTPStubs: 1e21c7d2c084b8153fc53d48400d8919d2d432d0
  Reusable: 98e5fff1e0e2e00872199699b276dde08ee56c07
  RxSwift: e49536837d9901277638493ea537394d4b55f570
  SwiftyUserDefaults: 3d273b1739b68ada3145dc754a70ec775bc5c8be

PODFILE CHECKSUM: e73762bef176f52d516bb8585062a15df7069f78

COCOAPODS: 1.4.0
